// !$*UTF8*$!
{
	archiveVersion = 1;
	classes = {
	};
	objectVersion = 48;
	objects = {

/* Begin PBXBuildFile section */
		1113B87B1F78084E003F450D /* AppDelegate.m in Sources */ = {isa = PBXBuildFile; fileRef = 1113B87A1F78084E003F450D /* AppDelegate.m */; };
		1113B8831F78084E003F450D /* Assets.xcassets in Resources */ = {isa = PBXBuildFile; fileRef = 1113B8821F78084E003F450D /* Assets.xcassets */; };
		1113B8891F78084E003F450D /* main.m in Sources */ = {isa = PBXBuildFile; fileRef = 1113B8881F78084E003F450D /* main.m */; };
		1113B8931F78084E003F450D /* RSSClientTests.m in Sources */ = {isa = PBXBuildFile; fileRef = 1113B8921F78084E003F450D /* RSSClientTests.m */; };
		1113B8A11F780B88003F450D /* RSSListViewController.m in Sources */ = {isa = PBXBuildFile; fileRef = 1113B8A01F780B88003F450D /* RSSListViewController.m */; };
		1113B8D51F781BAA003F450D /* RSSHotnewsLoader.m in Sources */ = {isa = PBXBuildFile; fileRef = 1113B8D41F781BAA003F450D /* RSSHotnewsLoader.m */; };
		1113B8D81F782FF2003F450D /* RSSHotnews.m in Sources */ = {isa = PBXBuildFile; fileRef = 1113B8D71F782FF2003F450D /* RSSHotnews.m */; };
		1113B8DE1F7854CF003F450D /* RSSWebViewController.m in Sources */ = {isa = PBXBuildFile; fileRef = 1113B8DD1F7854CF003F450D /* RSSWebViewController.m */; };
		1113B8E11F785511003F450D /* WebKit.framework in Frameworks */ = {isa = PBXBuildFile; fileRef = 1113B8E01F785511003F450D /* WebKit.framework */; };
		C16BBB2C1F78EDEB0037B6AF /* Default-568h@2x.png in Resources */ = {isa = PBXBuildFile; fileRef = C16BBB2B1F78EDEB0037B6AF /* Default-568h@2x.png */; };
		C16BBB2F1F78F1980037B6AF /* RSSHTMLController.m in Sources */ = {isa = PBXBuildFile; fileRef = C16BBB2E1F78F1980037B6AF /* RSSHTMLController.m */; };
/* End PBXBuildFile section */

/* Begin PBXContainerItemProxy section */
		1113B88F1F78084E003F450D /* PBXContainerItemProxy */ = {
			isa = PBXContainerItemProxy;
			containerPortal = 1113B86E1F78084E003F450D /* Project object */;
			proxyType = 1;
			remoteGlobalIDString = 1113B8751F78084E003F450D;
			remoteInfo = RSSClient;
		};
/* End PBXContainerItemProxy section */

/* Begin PBXFileReference section */
		1113B8761F78084E003F450D /* RSSClient.app */ = {isa = PBXFileReference; explicitFileType = wrapper.application; includeInIndex = 0; path = RSSClient.app; sourceTree = BUILT_PRODUCTS_DIR; };
		1113B8791F78084E003F450D /* AppDelegate.h */ = {isa = PBXFileReference; lastKnownFileType = sourcecode.c.h; path = AppDelegate.h; sourceTree = "<group>"; };
		1113B87A1F78084E003F450D /* AppDelegate.m */ = {isa = PBXFileReference; lastKnownFileType = sourcecode.c.objc; path = AppDelegate.m; sourceTree = "<group>"; };
		1113B8821F78084E003F450D /* Assets.xcassets */ = {isa = PBXFileReference; lastKnownFileType = folder.assetcatalog; path = Assets.xcassets; sourceTree = "<group>"; };
		1113B8871F78084E003F450D /* Info.plist */ = {isa = PBXFileReference; lastKnownFileType = text.plist.xml; path = Info.plist; sourceTree = "<group>"; };
		1113B8881F78084E003F450D /* main.m */ = {isa = PBXFileReference; lastKnownFileType = sourcecode.c.objc; path = main.m; sourceTree = "<group>"; };
		1113B88E1F78084E003F450D /* RSSClientTests.xctest */ = {isa = PBXFileReference; explicitFileType = wrapper.cfbundle; includeInIndex = 0; path = RSSClientTests.xctest; sourceTree = BUILT_PRODUCTS_DIR; };
		1113B8921F78084E003F450D /* RSSClientTests.m */ = {isa = PBXFileReference; lastKnownFileType = sourcecode.c.objc; path = RSSClientTests.m; sourceTree = "<group>"; };
		1113B8941F78084E003F450D /* Info.plist */ = {isa = PBXFileReference; lastKnownFileType = text.plist.xml; path = Info.plist; sourceTree = "<group>"; };
		1113B89F1F780B88003F450D /* RSSListViewController.h */ = {isa = PBXFileReference; lastKnownFileType = sourcecode.c.h; path = RSSListViewController.h; sourceTree = "<group>"; };
		1113B8A01F780B88003F450D /* RSSListViewController.m */ = {isa = PBXFileReference; lastKnownFileType = sourcecode.c.objc; path = RSSListViewController.m; sourceTree = "<group>"; };
		1113B8D31F781BAA003F450D /* RSSHotnewsLoader.h */ = {isa = PBXFileReference; lastKnownFileType = sourcecode.c.h; path = RSSHotnewsLoader.h; sourceTree = "<group>"; };
		1113B8D41F781BAA003F450D /* RSSHotnewsLoader.m */ = {isa = PBXFileReference; lastKnownFileType = sourcecode.c.objc; path = RSSHotnewsLoader.m; sourceTree = "<group>"; };
		1113B8D61F782FF2003F450D /* RSSHotnews.h */ = {isa = PBXFileReference; lastKnownFileType = sourcecode.c.h; path = RSSHotnews.h; sourceTree = "<group>"; };
		1113B8D71F782FF2003F450D /* RSSHotnews.m */ = {isa = PBXFileReference; lastKnownFileType = sourcecode.c.objc; path = RSSHotnews.m; sourceTree = "<group>"; };
		1113B8DC1F7854CF003F450D /* RSSWebViewController.h */ = {isa = PBXFileReference; lastKnownFileType = sourcecode.c.h; path = RSSWebViewController.h; sourceTree = "<group>"; };
		1113B8DD1F7854CF003F450D /* RSSWebViewController.m */ = {isa = PBXFileReference; lastKnownFileType = sourcecode.c.objc; path = RSSWebViewController.m; sourceTree = "<group>"; };
		1113B8E01F785511003F450D /* WebKit.framework */ = {isa = PBXFileReference; lastKnownFileType = wrapper.framework; name = WebKit.framework; path = System/Library/Frameworks/WebKit.framework; sourceTree = SDKROOT; };
		C16BBB2B1F78EDEB0037B6AF /* Default-568h@2x.png */ = {isa = PBXFileReference; lastKnownFileType = image.png; path = "Default-568h@2x.png"; sourceTree = "<group>"; };
		C16BBB2D1F78F1980037B6AF /* RSSHTMLController.h */ = {isa = PBXFileReference; lastKnownFileType = sourcecode.c.h; path = RSSHTMLController.h; sourceTree = "<group>"; };
		C16BBB2E1F78F1980037B6AF /* RSSHTMLController.m */ = {isa = PBXFileReference; lastKnownFileType = sourcecode.c.objc; path = RSSHTMLController.m; sourceTree = "<group>"; };
/* End PBXFileReference section */

/* Begin PBXFrameworksBuildPhase section */
		1113B8731F78084E003F450D /* Frameworks */ = {
			isa = PBXFrameworksBuildPhase;
			buildActionMask = 2147483647;
			files = (
				1113B8E11F785511003F450D /* WebKit.framework in Frameworks */,
			);
			runOnlyForDeploymentPostprocessing = 0;
		};
		1113B88B1F78084E003F450D /* Frameworks */ = {
			isa = PBXFrameworksBuildPhase;
			buildActionMask = 2147483647;
			files = (
			);
			runOnlyForDeploymentPostprocessing = 0;
		};
/* End PBXFrameworksBuildPhase section */

/* Begin PBXGroup section */
		1113B86D1F78084E003F450D = {
			isa = PBXGroup;
			children = (
				C16BBB2B1F78EDEB0037B6AF /* Default-568h@2x.png */,
				1113B8781F78084E003F450D /* RSSClient */,
				1113B8911F78084E003F450D /* RSSClientTests */,
				1113B8771F78084E003F450D /* Products */,
				1113B8DF1F785511003F450D /* Frameworks */,
			);
			sourceTree = "<group>";
		};
		1113B8771F78084E003F450D /* Products */ = {
			isa = PBXGroup;
			children = (
				1113B8761F78084E003F450D /* RSSClient.app */,
				1113B88E1F78084E003F450D /* RSSClientTests.xctest */,
			);
			name = Products;
			sourceTree = "<group>";
		};
		1113B8781F78084E003F450D /* RSSClient */ = {
			isa = PBXGroup;
			children = (
				1113B8791F78084E003F450D /* AppDelegate.h */,
				1113B87A1F78084E003F450D /* AppDelegate.m */,
				1113B8821F78084E003F450D /* Assets.xcassets */,
				1113B8871F78084E003F450D /* Info.plist */,
				1113B8881F78084E003F450D /* main.m */,
				1113B89F1F780B88003F450D /* RSSListViewController.h */,
				1113B8A01F780B88003F450D /* RSSListViewController.m */,
				1113B8D31F781BAA003F450D /* RSSHotnewsLoader.h */,
				1113B8D41F781BAA003F450D /* RSSHotnewsLoader.m */,
				1113B8D61F782FF2003F450D /* RSSHotnews.h */,
				1113B8D71F782FF2003F450D /* RSSHotnews.m */,
				1113B8DC1F7854CF003F450D /* RSSWebViewController.h */,
				1113B8DD1F7854CF003F450D /* RSSWebViewController.m */,
				C16BBB2D1F78F1980037B6AF /* RSSHTMLController.h */,
				C16BBB2E1F78F1980037B6AF /* RSSHTMLController.m */,
			);
			path = RSSClient;
			sourceTree = "<group>";
		};
		1113B8911F78084E003F450D /* RSSClientTests */ = {
			isa = PBXGroup;
			children = (
				1113B8921F78084E003F450D /* RSSClientTests.m */,
				1113B8941F78084E003F450D /* Info.plist */,
			);
			path = RSSClientTests;
			sourceTree = "<group>";
		};
		1113B8DF1F785511003F450D /* Frameworks */ = {
			isa = PBXGroup;
			children = (
				1113B8E01F785511003F450D /* WebKit.framework */,
			);
			name = Frameworks;
			sourceTree = "<group>";
		};
/* End PBXGroup section */

/* Begin PBXNativeTarget section */
		1113B8751F78084E003F450D /* RSSClient */ = {
			isa = PBXNativeTarget;
			buildConfigurationList = 1113B8971F78084E003F450D /* Build configuration list for PBXNativeTarget "RSSClient" */;
			buildPhases = (
				1113B8721F78084E003F450D /* Sources */,
				1113B8731F78084E003F450D /* Frameworks */,
				1113B8741F78084E003F450D /* Resources */,
			);
			buildRules = (
			);
			dependencies = (
			);
			name = RSSClient;
			productName = RSSClient;
			productReference = 1113B8761F78084E003F450D /* RSSClient.app */;
			productType = "com.apple.product-type.application";
		};
		1113B88D1F78084E003F450D /* RSSClientTests */ = {
			isa = PBXNativeTarget;
			buildConfigurationList = 1113B89A1F78084E003F450D /* Build configuration list for PBXNativeTarget "RSSClientTests" */;
			buildPhases = (
				1113B88A1F78084E003F450D /* Sources */,
				1113B88B1F78084E003F450D /* Frameworks */,
				1113B88C1F78084E003F450D /* Resources */,
			);
			buildRules = (
			);
			dependencies = (
				1113B8901F78084E003F450D /* PBXTargetDependency */,
			);
			name = RSSClientTests;
			productName = RSSClientTests;
			productReference = 1113B88E1F78084E003F450D /* RSSClientTests.xctest */;
			productType = "com.apple.product-type.bundle.unit-test";
		};
/* End PBXNativeTarget section */

/* Begin PBXProject section */
		1113B86E1F78084E003F450D /* Project object */ = {
			isa = PBXProject;
			attributes = {
				LastUpgradeCheck = 0900;
				ORGANIZATIONNAME = "Александр";
				TargetAttributes = {
					1113B8751F78084E003F450D = {
						CreatedOnToolsVersion = 9.0;
						ProvisioningStyle = Manual;
					};
					1113B88D1F78084E003F450D = {
						CreatedOnToolsVersion = 9.0;
						ProvisioningStyle = Automatic;
						TestTargetID = 1113B8751F78084E003F450D;
					};
				};
			};
			buildConfigurationList = 1113B8711F78084E003F450D /* Build configuration list for PBXProject "RSSClient" */;
			compatibilityVersion = "Xcode 8.0";
			developmentRegion = en;
			hasScannedForEncodings = 0;
			knownRegions = (
				en,
				Base,
			);
			mainGroup = 1113B86D1F78084E003F450D;
			productRefGroup = 1113B8771F78084E003F450D /* Products */;
			projectDirPath = "";
			projectRoot = "";
			targets = (
				1113B8751F78084E003F450D /* RSSClient */,
				1113B88D1F78084E003F450D /* RSSClientTests */,
			);
		};
/* End PBXProject section */

/* Begin PBXResourcesBuildPhase section */
		1113B8741F78084E003F450D /* Resources */ = {
			isa = PBXResourcesBuildPhase;
			buildActionMask = 2147483647;
			files = (
				1113B8831F78084E003F450D /* Assets.xcassets in Resources */,
				C16BBB2C1F78EDEB0037B6AF /* Default-568h@2x.png in Resources */,
			);
			runOnlyForDeploymentPostprocessing = 0;
		};
		1113B88C1F78084E003F450D /* Resources */ = {
			isa = PBXResourcesBuildPhase;
			buildActionMask = 2147483647;
			files = (
			);
			runOnlyForDeploymentPostprocessing = 0;
		};
/* End PBXResourcesBuildPhase section */

/* Begin PBXSourcesBuildPhase section */
		1113B8721F78084E003F450D /* Sources */ = {
			isa = PBXSourcesBuildPhase;
			buildActionMask = 2147483647;
			files = (
				1113B8D51F781BAA003F450D /* RSSHotnewsLoader.m in Sources */,
				1113B8D81F782FF2003F450D /* RSSHotnews.m in Sources */,
				1113B8DE1F7854CF003F450D /* RSSWebViewController.m in Sources */,
				1113B8A11F780B88003F450D /* RSSListViewController.m in Sources */,
				1113B8891F78084E003F450D /* main.m in Sources */,
				C16BBB2F1F78F1980037B6AF /* RSSHTMLController.m in Sources */,
				1113B87B1F78084E003F450D /* AppDelegate.m in Sources */,
			);
			runOnlyForDeploymentPostprocessing = 0;
		};
		1113B88A1F78084E003F450D /* Sources */ = {
			isa = PBXSourcesBuildPhase;
			buildActionMask = 2147483647;
			files = (
				1113B8931F78084E003F450D /* RSSClientTests.m in Sources */,
			);
			runOnlyForDeploymentPostprocessing = 0;
		};
/* End PBXSourcesBuildPhase section */

/* Begin PBXTargetDependency section */
		1113B8901F78084E003F450D /* PBXTargetDependency */ = {
			isa = PBXTargetDependency;
			target = 1113B8751F78084E003F450D /* RSSClient */;
			targetProxy = 1113B88F1F78084E003F450D /* PBXContainerItemProxy */;
		};
/* End PBXTargetDependency section */

/* Begin XCBuildConfiguration section */
		1113B8951F78084E003F450D /* Debug */ = {
			isa = XCBuildConfiguration;
			buildSettings = {
				ALWAYS_SEARCH_USER_PATHS = NO;
				CLANG_ANALYZER_NONNULL = YES;
				CLANG_ANALYZER_NUMBER_OBJECT_CONVERSION = YES_AGGRESSIVE;
				CLANG_CXX_LANGUAGE_STANDARD = "gnu++14";
				CLANG_CXX_LIBRARY = "libc++";
				CLANG_ENABLE_MODULES = YES;
				CLANG_ENABLE_OBJC_ARC = YES;
				CLANG_WARN_BLOCK_CAPTURE_AUTORELEASING = YES;
				CLANG_WARN_BOOL_CONVERSION = YES;
				CLANG_WARN_COMMA = YES;
				CLANG_WARN_CONSTANT_CONVERSION = YES;
				CLANG_WARN_DIRECT_OBJC_ISA_USAGE = YES_ERROR;
				CLANG_WARN_DOCUMENTATION_COMMENTS = YES;
				CLANG_WARN_EMPTY_BODY = YES;
				CLANG_WARN_ENUM_CONVERSION = YES;
				CLANG_WARN_INFINITE_RECURSION = YES;
				CLANG_WARN_INT_CONVERSION = YES;
				CLANG_WARN_NON_LITERAL_NULL_CONVERSION = YES;
				CLANG_WARN_OBJC_LITERAL_CONVERSION = YES;
				CLANG_WARN_OBJC_ROOT_CLASS = YES_ERROR;
				CLANG_WARN_RANGE_LOOP_ANALYSIS = YES;
				CLANG_WARN_STRICT_PROTOTYPES = YES;
				CLANG_WARN_SUSPICIOUS_MOVE = YES;
				CLANG_WARN_UNGUARDED_AVAILABILITY = YES_AGGRESSIVE;
				CLANG_WARN_UNREACHABLE_CODE = YES;
				CLANG_WARN__DUPLICATE_METHOD_MATCH = YES;
				CODE_SIGN_IDENTITY = "iPhone Developer";
				COPY_PHASE_STRIP = NO;
				DEBUG_INFORMATION_FORMAT = dwarf;
				ENABLE_STRICT_OBJC_MSGSEND = YES;
				ENABLE_TESTABILITY = YES;
				GCC_C_LANGUAGE_STANDARD = gnu11;
				GCC_DYNAMIC_NO_PIC = NO;
				GCC_NO_COMMON_BLOCKS = YES;
				GCC_OPTIMIZATION_LEVEL = 0;
				GCC_PREPROCESSOR_DEFINITIONS = (
					"DEBUG=1",
					"$(inherited)",
				);
				GCC_WARN_64_TO_32_BIT_CONVERSION = YES;
				GCC_WARN_ABOUT_RETURN_TYPE = YES_ERROR;
				GCC_WARN_UNDECLARED_SELECTOR = YES;
				GCC_WARN_UNINITIALIZED_AUTOS = YES_AGGRESSIVE;
				GCC_WARN_UNUSED_FUNCTION = YES;
				GCC_WARN_UNUSED_VARIABLE = YES;
				IPHONEOS_DEPLOYMENT_TARGET = 8.0;
				MTL_ENABLE_DEBUG_INFO = YES;
				ONLY_ACTIVE_ARCH = YES;
				SDKROOT = iphoneos;
			};
			name = Debug;
		};
		1113B8961F78084E003F450D /* Release */ = {
			isa = XCBuildConfiguration;
			buildSettings = {
				ALWAYS_SEARCH_USER_PATHS = NO;
				CLANG_ANALYZER_NONNULL = YES;
				CLANG_ANALYZER_NUMBER_OBJECT_CONVERSION = YES_AGGRESSIVE;
				CLANG_CXX_LANGUAGE_STANDARD = "gnu++14";
				CLANG_CXX_LIBRARY = "libc++";
				CLANG_ENABLE_MODULES = YES;
				CLANG_ENABLE_OBJC_ARC = YES;
				CLANG_WARN_BLOCK_CAPTURE_AUTORELEASING = YES;
				CLANG_WARN_BOOL_CONVERSION = YES;
				CLANG_WARN_COMMA = YES;
				CLANG_WARN_CONSTANT_CONVERSION = YES;
				CLANG_WARN_DIRECT_OBJC_ISA_USAGE = YES_ERROR;
				CLANG_WARN_DOCUMENTATION_COMMENTS = YES;
				CLANG_WARN_EMPTY_BODY = YES;
				CLANG_WARN_ENUM_CONVERSION = YES;
				CLANG_WARN_INFINITE_RECURSION = YES;
				CLANG_WARN_INT_CONVERSION = YES;
				CLANG_WARN_NON_LITERAL_NULL_CONVERSION = YES;
				CLANG_WARN_OBJC_LITERAL_CONVERSION = YES;
				CLANG_WARN_OBJC_ROOT_CLASS = YES_ERROR;
				CLANG_WARN_RANGE_LOOP_ANALYSIS = YES;
				CLANG_WARN_STRICT_PROTOTYPES = YES;
				CLANG_WARN_SUSPICIOUS_MOVE = YES;
				CLANG_WARN_UNGUARDED_AVAILABILITY = YES_AGGRESSIVE;
				CLANG_WARN_UNREACHABLE_CODE = YES;
				CLANG_WARN__DUPLICATE_METHOD_MATCH = YES;
				CODE_SIGN_IDENTITY = "iPhone Developer";
				COPY_PHASE_STRIP = NO;
				DEBUG_INFORMATION_FORMAT = "dwarf-with-dsym";
				ENABLE_NS_ASSERTIONS = NO;
				ENABLE_STRICT_OBJC_MSGSEND = YES;
				GCC_C_LANGUAGE_STANDARD = gnu11;
				GCC_NO_COMMON_BLOCKS = YES;
				GCC_WARN_64_TO_32_BIT_CONVERSION = YES;
				GCC_WARN_ABOUT_RETURN_TYPE = YES_ERROR;
				GCC_WARN_UNDECLARED_SELECTOR = YES;
				GCC_WARN_UNINITIALIZED_AUTOS = YES_AGGRESSIVE;
				GCC_WARN_UNUSED_FUNCTION = YES;
				GCC_WARN_UNUSED_VARIABLE = YES;
				IPHONEOS_DEPLOYMENT_TARGET = 8.0;
				MTL_ENABLE_DEBUG_INFO = NO;
				SDKROOT = iphoneos;
				VALIDATE_PRODUCT = YES;
			};
			name = Release;
		};
		1113B8981F78084E003F450D /* Debug */ = {
			isa = XCBuildConfiguration;
			buildSettings = {
				ASSETCATALOG_COMPILER_APPICON_NAME = AppIcon;
				CLANG_ENABLE_OBJC_ARC = NO;
				CLANG_ENABLE_OBJC_WEAK = YES;
				CLANG_WARN_OBJC_MISSING_PROPERTY_SYNTHESIS = NO;
				CODE_SIGN_STYLE = Manual;
				DEVELOPMENT_TEAM = "";
				INFOPLIST_FILE = RSSClient/Info.plist;
				LD_RUNPATH_SEARCH_PATHS = "$(inherited) @executable_path/Frameworks";
				PRODUCT_BUNDLE_IDENTIFIER = alb.RSSClient;
				PRODUCT_NAME = "$(TARGET_NAME)";
				PROVISIONING_PROFILE_SPECIFIER = "";
				TARGETED_DEVICE_FAMILY = "1,2";
			};
			name = Debug;
		};
		1113B8991F78084E003F450D /* Release */ = {
			isa = XCBuildConfiguration;
			buildSettings = {
				ASSETCATALOG_COMPILER_APPICON_NAME = AppIcon;
				CLANG_ENABLE_OBJC_ARC = NO;
				CLANG_ENABLE_OBJC_WEAK = YES;
				CLANG_WARN_OBJC_MISSING_PROPERTY_SYNTHESIS = NO;
				CODE_SIGN_STYLE = Manual;
				DEVELOPMENT_TEAM = "";
				INFOPLIST_FILE = RSSClient/Info.plist;
				LD_RUNPATH_SEARCH_PATHS = "$(inherited) @executable_path/Frameworks";
				PRODUCT_BUNDLE_IDENTIFIER = alb.RSSClient;
				PRODUCT_NAME = "$(TARGET_NAME)";
				PROVISIONING_PROFILE_SPECIFIER = "";
				TARGETED_DEVICE_FAMILY = "1,2";
			};
			name = Release;
		};
		1113B89B1F78084E003F450D /* Debug */ = {
			isa = XCBuildConfiguration;
			buildSettings = {
				BUNDLE_LOADER = "$(TEST_HOST)";
				CODE_SIGN_STYLE = Automatic;
				INFOPLIST_FILE = RSSClientTests/Info.plist;
				LD_RUNPATH_SEARCH_PATHS = "$(inherited) @executable_path/Frameworks @loader_path/Frameworks";
				PRODUCT_BUNDLE_IDENTIFIER = alb.RSSClientTests;
				PRODUCT_NAME = "$(TARGET_NAME)";
				TARGETED_DEVICE_FAMILY = "1,2";
				TEST_HOST = "$(BUILT_PRODUCTS_DIR)/RSSClient.app/RSSClient";
			};
			name = Debug;
		};
		1113B89C1F78084E003F450D /* Release */ = {
			isa = XCBuildConfiguration;
			buildSettings = {
				BUNDLE_LOADER = "$(TEST_HOST)";
				CODE_SIGN_STYLE = Automatic;
				INFOPLIST_FILE = RSSClientTests/Info.plist;
				LD_RUNPATH_SEARCH_PATHS = "$(inherited) @executable_path/Frameworks @loader_path/Frameworks";
				PRODUCT_BUNDLE_IDENTIFIER = alb.RSSClientTests;
				PRODUCT_NAME = "$(TARGET_NAME)";
				TARGETED_DEVICE_FAMILY = "1,2";
				TEST_HOST = "$(BUILT_PRODUCTS_DIR)/RSSClient.app/RSSClient";
			};
			name = Release;
		};
/* End XCBuildConfiguration section */

/* Begin XCConfigurationList section */
		1113B8711F78084E003F450D /* Build configuration list for PBXProject "RSSClient" */ = {
			isa = XCConfigurationList;
			buildConfigurations = (
				1113B8951F78084E003F450D /* Debug */,
				1113B8961F78084E003F450D /* Release */,
			);
			defaultConfigurationIsVisible = 0;
			defaultConfigurationName = Release;
		};
		1113B8971F78084E003F450D /* Build configuration list for PBXNativeTarget "RSSClient" */ = {
			isa = XCConfigurationList;
			buildConfigurations = (
				1113B8981F78084E003F450D /* Debug */,
				1113B8991F78084E003F450D /* Release */,
			);
			defaultConfigurationIsVisible = 0;
			defaultConfigurationName = Release;
		};
		1113B89A1F78084E003F450D /* Build configuration list for PBXNativeTarget "RSSClientTests" */ = {
			isa = XCConfigurationList;
			buildConfigurations = (
				1113B89B1F78084E003F450D /* Debug */,
				1113B89C1F78084E003F450D /* Release */,
			);
			defaultConfigurationIsVisible = 0;
			defaultConfigurationName = Release;
		};
/* End XCConfigurationList section */
	};
	rootObject = 1113B86E1F78084E003F450D /* Project object */;
}
